
Microsoft Visual Studio Solution File, Format Version 12.00
# Visual Studio Version 16
VisualStudioVersion = 16.0.29009.5
MinimumVisualStudioVersion = 10.0.40219.1
Project("{FAE04EC0-301F-11D3-BF4B-00C04F79EFBC}") = "WpfPrismUtils", "PrismUtils\WpfPrismUtils.csproj", "{8F106FEE-23C4-4DF9-9B4C-70263176C8F9}"
EndProject
Global
	GlobalSection(SolutionConfigurationPlatforms) = preSolution
		Debug|Any CPU = Debug|Any CPU
		Release|Any CPU = Release|Any CPU
	EndGlobalSection
	GlobalSection(ProjectConfigurationPlatforms) = postSolution
		{8F106FEE-23C4-4DF9-9B4C-70263176C8F9}.Debug|Any CPU.ActiveCfg = Debug|Any CPU
		{8F106FEE-23C4-4DF9-9B4C-70263176C8F9}.Debug|Any CPU.Build.0 = Debug|Any CPU
		{8F106FEE-23C4-4DF9-9B4C-70263176C8F9}.Release|Any CPU.ActiveCfg = Release|Any CPU
		{8F106FEE-23C4-4DF9-9B4C-70263176C8F9}.Release|Any CPU.Build.0 = Release|Any CPU
	EndGlobalSection
	GlobalSection(SolutionProperties) = preSolution
		HideSolutionNode = FALSE
	EndGlobalSection
	GlobalSection(ExtensibilityGlobals) = postSolution
		SolutionGuid = {0163BA4A-0DFC-4A82-BA13-4094A827EE0E}
	EndGlobalSection
EndGlobal
